
Microsoft Visual Studio Solution File, Format Version 12.00
# Visual Studio 15
VisualStudioVersion = 15.0.26730.12
MinimumVisualStudioVersion = 10.0.40219.1
Project("{9A19103F-16F7-4668-BE54-9A1E7A4F7556}") = "Chess.Web", "Chess.Web\Chess.Web.csproj", "{CABC0972-336C-463F-9EC3-32DD51600780}"
EndProject
Project("{9A19103F-16F7-4668-BE54-9A1E7A4F7556}") = "Chess.Game", "Chess.Game\Chess.Game.csproj", "{659A9E08-E7E1-4B80-89CF-6603E94B0BEB}"
EndProject
Project("{FAE04EC0-301F-11D3-BF4B-00C04F79EFBC}") = "Chess.Game.Tests", "Chess.Game.Tests\Chess.Game.Tests.csproj", "{42E514CD-59B1-43B3-BC32-3409A33A68AA}"
EndProject
Project("{FAE04EC0-301F-11D3-BF4B-00C04F79EFBC}") = "Chess.Contracts", "Chess.Contracts\Chess.Contracts.csproj", "{D95CA2B0-C5F1-4741-AA0F-9DB1305CBBEC}"
EndProject
Global
	GlobalSection(SolutionConfigurationPlatforms) = preSolution
		Debug|Any CPU = Debug|Any CPU
		Release|Any CPU = Release|Any CPU
		Debug|x64 = Debug|x64
		Debug|x86 = Debug|x86
		Release|x64 = Release|x64
		Release|x86 = Release|x86
	EndGlobalSection
	GlobalSection(ProjectConfigurationPlatforms) = postSolution
		{CABC0972-336C-463F-9EC3-32DD51600780}.Debug|Any CPU.ActiveCfg = Debug|Any CPU
		{CABC0972-336C-463F-9EC3-32DD51600780}.Debug|Any CPU.Build.0 = Debug|Any CPU
		{CABC0972-336C-463F-9EC3-32DD51600780}.Release|Any CPU.ActiveCfg = Release|Any CPU
		{CABC0972-336C-463F-9EC3-32DD51600780}.Release|Any CPU.Build.0 = Release|Any CPU
		{659A9E08-E7E1-4B80-89CF-6603E94B0BEB}.Debug|Any CPU.ActiveCfg = Debug|Any CPU
		{659A9E08-E7E1-4B80-89CF-6603E94B0BEB}.Debug|Any CPU.Build.0 = Debug|Any CPU
		{659A9E08-E7E1-4B80-89CF-6603E94B0BEB}.Release|Any CPU.ActiveCfg = Release|Any CPU
		{659A9E08-E7E1-4B80-89CF-6603E94B0BEB}.Release|Any CPU.Build.0 = Release|Any CPU
		{42E514CD-59B1-43B3-BC32-3409A33A68AA}.Debug|Any CPU.ActiveCfg = Debug|Any CPU
		{42E514CD-59B1-43B3-BC32-3409A33A68AA}.Debug|Any CPU.Build.0 = Debug|Any CPU
		{42E514CD-59B1-43B3-BC32-3409A33A68AA}.Release|Any CPU.ActiveCfg = Release|Any CPU
		{42E514CD-59B1-43B3-BC32-3409A33A68AA}.Release|Any CPU.Build.0 = Release|Any CPU
		{D95CA2B0-C5F1-4741-AA0F-9DB1305CBBEC}.Debug|Any CPU.ActiveCfg = Debug|Any CPU
		{D95CA2B0-C5F1-4741-AA0F-9DB1305CBBEC}.Debug|Any CPU.Build.0 = Debug|Any CPU
		{D95CA2B0-C5F1-4741-AA0F-9DB1305CBBEC}.Debug|x64.ActiveCfg = Debug|x64
		{D95CA2B0-C5F1-4741-AA0F-9DB1305CBBEC}.Debug|x64.Build.0 = Debug|x64
		{D95CA2B0-C5F1-4741-AA0F-9DB1305CBBEC}.Debug|x86.ActiveCfg = Debug|x86
		{D95CA2B0-C5F1-4741-AA0F-9DB1305CBBEC}.Debug|x86.Build.0 = Debug|x86
		{D95CA2B0-C5F1-4741-AA0F-9DB1305CBBEC}.Release|Any CPU.ActiveCfg = Release|Any CPU
		{D95CA2B0-C5F1-4741-AA0F-9DB1305CBBEC}.Release|Any CPU.Build.0 = Release|Any CPU
		{D95CA2B0-C5F1-4741-AA0F-9DB1305CBBEC}.Release|x64.ActiveCfg = Release|x64
		{D95CA2B0-C5F1-4741-AA0F-9DB1305CBBEC}.Release|x64.Build.0 = Release|x64
		{D95CA2B0-C5F1-4741-AA0F-9DB1305CBBEC}.Release|x86.ActiveCfg = Release|x86
		{D95CA2B0-C5F1-4741-AA0F-9DB1305CBBEC}.Release|x86.Build.0 = Release|x86
	EndGlobalSection
	GlobalSection(SolutionProperties) = preSolution
		HideSolutionNode = FALSE
	EndGlobalSection
	GlobalSection(ExtensibilityGlobals) = postSolution
		SolutionGuid = {DC561BAD-E3E0-4E81-9263-9085137A01C8}
	EndGlobalSection
EndGlobal
